
Microsoft Visual Studio Solution File, Format Version 12.00
# Visual Studio 15
VisualStudioVersion = 15.0.27130.2036
MinimumVisualStudioVersion = 10.0.40219.1
Project("{FAE04EC0-301F-11D3-BF4B-00C04F79EFBC}") = "JobSearcher", "JobSearcher\JobSearcher.csproj", "{192025BF-6C91-40E4-8238-1F0D3E069EEA}"
EndProject
Project("{FAE04EC0-301F-11D3-BF4B-00C04F79EFBC}") = "JobSearcherTest", "JobSearcherTest\JobSearcherTest.csproj", "{71E9B5A7-5B10-4272-B398-3E7529B16B23}"
EndProject
Global
	GlobalSection(SolutionConfigurationPlatforms) = preSolution
		Debug|Any CPU = Debug|Any CPU
		Release|Any CPU = Release|Any CPU
	EndGlobalSection
	GlobalSection(ProjectConfigurationPlatforms) = postSolution
		{192025BF-6C91-40E4-8238-1F0D3E069EEA}.Debug|Any CPU.ActiveCfg = Debug|Any CPU
		{192025BF-6C91-40E4-8238-1F0D3E069EEA}.Debug|Any CPU.Build.0 = Debug|Any CPU
		{192025BF-6C91-40E4-8238-1F0D3E069EEA}.Release|Any CPU.ActiveCfg = Release|Any CPU
		{192025BF-6C91-40E4-8238-1F0D3E069EEA}.Release|Any CPU.Build.0 = Release|Any CPU
		{71E9B5A7-5B10-4272-B398-3E7529B16B23}.Debug|Any CPU.ActiveCfg = Debug|Any CPU
		{71E9B5A7-5B10-4272-B398-3E7529B16B23}.Debug|Any CPU.Build.0 = Debug|Any CPU
		{71E9B5A7-5B10-4272-B398-3E7529B16B23}.Release|Any CPU.ActiveCfg = Release|Any CPU
		{71E9B5A7-5B10-4272-B398-3E7529B16B23}.Release|Any CPU.Build.0 = Release|Any CPU
	EndGlobalSection
	GlobalSection(SolutionProperties) = preSolution
		HideSolutionNode = FALSE
	EndGlobalSection
	GlobalSection(ExtensibilityGlobals) = postSolution
		SolutionGuid = {A6099E5C-6938-4EF3-954A-CB9990EE599A}
	EndGlobalSection
EndGlobal
